
Microsoft Visual Studio Solution File, Format Version 12.00
# Visual Studio Version 16
VisualStudioVersion = 16.0.31624.102
MinimumVisualStudioVersion = 10.0.40219.1
Project("{FAE04EC0-301F-11D3-BF4B-00C04F79EFBC}") = "otazka", "otazka\otazka.csproj", "{744C6273-16AD-4ADE-8668-F31FC3174699}"
EndProject
Global
	GlobalSection(SolutionConfigurationPlatforms) = preSolution
		Debug|Any CPU = Debug|Any CPU
		Release|Any CPU = Release|Any CPU
	EndGlobalSection
	GlobalSection(ProjectConfigurationPlatforms) = postSolution
		{744C6273-16AD-4ADE-8668-F31FC3174699}.Debug|Any CPU.ActiveCfg = Debug|Any CPU
		{744C6273-16AD-4ADE-8668-F31FC3174699}.Debug|Any CPU.Build.0 = Debug|Any CPU
		{744C6273-16AD-4ADE-8668-F31FC3174699}.Release|Any CPU.ActiveCfg = Release|Any CPU
		{744C6273-16AD-4ADE-8668-F31FC3174699}.Release|Any CPU.Build.0 = Release|Any CPU
	EndGlobalSection
	GlobalSection(SolutionProperties) = preSolution
		HideSolutionNode = FALSE
	EndGlobalSection
	GlobalSection(ExtensibilityGlobals) = postSolution
		SolutionGuid = {0B6D63A8-FC6E-47BE-81FE-C73C447838DE}
	EndGlobalSection
EndGlobal
